// !$*UTF8*$!
{
	archiveVersion = 1;
	classes = {
	};
	objectVersion = 56;
	objects = {

/* Begin PBXBuildFile section */
		4B49FC28298130C30084F390 /* PictureDescriptionView.swift in Sources */ = {isa = PBXBuildFile; fileRef = 4B49FC27298130C30084F390 /* PictureDescriptionView.swift */; };
		4B6CD1A929780EA60040793F /* WeatherConditionViewModel.swift in Sources */ = {isa = PBXBuildFile; fileRef = 4B6CD1A829780EA60040793F /* WeatherConditionViewModel.swift */; };
		4B6CD1AB29780F1D0040793F /* WeatherCondition.swift in Sources */ = {isa = PBXBuildFile; fileRef = 4B6CD1AA29780F1D0040793F /* WeatherCondition.swift */; };
		522480E02977EC6B00C12F6A /* LocationDataManager.swift in Sources */ = {isa = PBXBuildFile; fileRef = 522480DF2977EC6B00C12F6A /* LocationDataManager.swift */; };
		5232709C297E8D6700B387F5 /* Utils.swift in Sources */ = {isa = PBXBuildFile; fileRef = 5232709B297E8D6700B387F5 /* Utils.swift */; };
		524E925029701219001BCBD3 /* ECS_TimeTravellersTeamApp.swift in Sources */ = {isa = PBXBuildFile; fileRef = 524E924F29701219001BCBD3 /* ECS_TimeTravellersTeamApp.swift */; };
		524E925229701219001BCBD3 /* ContentView.swift in Sources */ = {isa = PBXBuildFile; fileRef = 524E925129701219001BCBD3 /* ContentView.swift */; };
		524E92542970121A001BCBD3 /* Assets.xcassets in Resources */ = {isa = PBXBuildFile; fileRef = 524E92532970121A001BCBD3 /* Assets.xcassets */; };
		524E92572970121A001BCBD3 /* Preview Assets.xcassets in Resources */ = {isa = PBXBuildFile; fileRef = 524E92562970121A001BCBD3 /* Preview Assets.xcassets */; };
		524E92592970121A001BCBD3 /* Persistence.swift in Sources */ = {isa = PBXBuildFile; fileRef = 524E92582970121A001BCBD3 /* Persistence.swift */; };
		524E925C2970121A001BCBD3 /* ECS_TimeTravellersTeam.xcdatamodeld in Sources */ = {isa = PBXBuildFile; fileRef = 524E925A2970121A001BCBD3 /* ECS_TimeTravellersTeam.xcdatamodeld */; };
		524E926429701265001BCBD3 /* PhotosViewModel.swift in Sources */ = {isa = PBXBuildFile; fileRef = 524E926329701265001BCBD3 /* PhotosViewModel.swift */; };
		524E92672970126E001BCBD3 /* Picker.swift in Sources */ = {isa = PBXBuildFile; fileRef = 524E92662970126E001BCBD3 /* Picker.swift */; };
		524E9270297012C0001BCBD3 /* ImagePicker.swift in Sources */ = {isa = PBXBuildFile; fileRef = 524E926E297012C0001BCBD3 /* ImagePicker.swift */; };
		524E9271297012C0001BCBD3 /* ZoomableScrollView.swift in Sources */ = {isa = PBXBuildFile; fileRef = 524E926F297012C0001BCBD3 /* ZoomableScrollView.swift */; };
		524E9274297012C9001BCBD3 /* FileManager+Extension.swift in Sources */ = {isa = PBXBuildFile; fileRef = 524E9273297012C9001BCBD3 /* FileManager+Extension.swift */; };
		52624F0E2990F9440011854B /* PictureDescriptionButton.swift in Sources */ = {isa = PBXBuildFile; fileRef = 52624F0D2990F9440011854B /* PictureDescriptionButton.swift */; };
		52624F102990F9730011854B /* PictureOfTheDayView.swift in Sources */ = {isa = PBXBuildFile; fileRef = 52624F0F2990F9730011854B /* PictureOfTheDayView.swift */; };
		528252AD297D9B9B00BE6BAC /* NetworkError.swift in Sources */ = {isa = PBXBuildFile; fileRef = 528252AC297D9B9B00BE6BAC /* NetworkError.swift */; };
		6E4CD127297E9A5B0076910D /* ArchiveView.swift in Sources */ = {isa = PBXBuildFile; fileRef = 6E4CD126297E9A5B0076910D /* ArchiveView.swift */; };
		DB26829E297EA7D9002FCA7B /* DayRow.swift in Sources */ = {isa = PBXBuildFile; fileRef = DB26829D297EA7D9002FCA7B /* DayRow.swift */; };
/* End PBXBuildFile section */

/* Begin PBXFileReference section */
		4B49FC27298130C30084F390 /* PictureDescriptionView.swift */ = {isa = PBXFileReference; lastKnownFileType = sourcecode.swift; path = PictureDescriptionView.swift; sourceTree = "<group>"; };
		4B6CD1A829780EA60040793F /* WeatherConditionViewModel.swift */ = {isa = PBXFileReference; lastKnownFileType = sourcecode.swift; path = WeatherConditionViewModel.swift; sourceTree = "<group>"; };
		4B6CD1AA29780F1D0040793F /* WeatherCondition.swift */ = {isa = PBXFileReference; lastKnownFileType = sourcecode.swift; path = WeatherCondition.swift; sourceTree = "<group>"; };
		522480DF2977EC6B00C12F6A /* LocationDataManager.swift */ = {isa = PBXFileReference; lastKnownFileType = sourcecode.swift; path = LocationDataManager.swift; sourceTree = "<group>"; };
		5232709B297E8D6700B387F5 /* Utils.swift */ = {isa = PBXFileReference; lastKnownFileType = sourcecode.swift; path = Utils.swift; sourceTree = "<group>"; };
		524E924C29701219001BCBD3 /* ECS-TimeTravellersTeam.app */ = {isa = PBXFileReference; explicitFileType = wrapper.application; includeInIndex = 0; path = "ECS-TimeTravellersTeam.app"; sourceTree = BUILT_PRODUCTS_DIR; };
		524E924F29701219001BCBD3 /* ECS_TimeTravellersTeamApp.swift */ = {isa = PBXFileReference; lastKnownFileType = sourcecode.swift; path = ECS_TimeTravellersTeamApp.swift; sourceTree = "<group>"; };
		524E925129701219001BCBD3 /* ContentView.swift */ = {isa = PBXFileReference; lastKnownFileType = sourcecode.swift; path = ContentView.swift; sourceTree = "<group>"; };
		524E92532970121A001BCBD3 /* Assets.xcassets */ = {isa = PBXFileReference; lastKnownFileType = folder.assetcatalog; path = Assets.xcassets; sourceTree = "<group>"; };
		524E92562970121A001BCBD3 /* Preview Assets.xcassets */ = {isa = PBXFileReference; lastKnownFileType = folder.assetcatalog; path = "Preview Assets.xcassets"; sourceTree = "<group>"; };
		524E92582970121A001BCBD3 /* Persistence.swift */ = {isa = PBXFileReference; lastKnownFileType = sourcecode.swift; path = Persistence.swift; sourceTree = "<group>"; };
		524E925B2970121A001BCBD3 /* ECS_TimeTravellersTeam.xcdatamodel */ = {isa = PBXFileReference; lastKnownFileType = wrapper.xcdatamodel; path = ECS_TimeTravellersTeam.xcdatamodel; sourceTree = "<group>"; };
		524E926329701265001BCBD3 /* PhotosViewModel.swift */ = {isa = PBXFileReference; fileEncoding = 4; lastKnownFileType = sourcecode.swift; path = PhotosViewModel.swift; sourceTree = "<group>"; };
		524E92662970126E001BCBD3 /* Picker.swift */ = {isa = PBXFileReference; fileEncoding = 4; lastKnownFileType = sourcecode.swift; path = Picker.swift; sourceTree = "<group>"; };
		524E926E297012C0001BCBD3 /* ImagePicker.swift */ = {isa = PBXFileReference; fileEncoding = 4; lastKnownFileType = sourcecode.swift; path = ImagePicker.swift; sourceTree = "<group>"; };
		524E926F297012C0001BCBD3 /* ZoomableScrollView.swift */ = {isa = PBXFileReference; fileEncoding = 4; lastKnownFileType = sourcecode.swift; path = ZoomableScrollView.swift; sourceTree = "<group>"; };
		524E9273297012C9001BCBD3 /* FileManager+Extension.swift */ = {isa = PBXFileReference; fileEncoding = 4; lastKnownFileType = sourcecode.swift; path = "FileManager+Extension.swift"; sourceTree = "<group>"; };
		52624F0D2990F9440011854B /* PictureDescriptionButton.swift */ = {isa = PBXFileReference; lastKnownFileType = sourcecode.swift; path = PictureDescriptionButton.swift; sourceTree = "<group>"; };
		52624F0F2990F9730011854B /* PictureOfTheDayView.swift */ = {isa = PBXFileReference; lastKnownFileType = sourcecode.swift; path = PictureOfTheDayView.swift; sourceTree = "<group>"; };
		528252AC297D9B9B00BE6BAC /* NetworkError.swift */ = {isa = PBXFileReference; lastKnownFileType = sourcecode.swift; path = NetworkError.swift; sourceTree = "<group>"; };
		6E4CD126297E9A5B0076910D /* ArchiveView.swift */ = {isa = PBXFileReference; lastKnownFileType = sourcecode.swift; path = ArchiveView.swift; sourceTree = "<group>"; };
		DB26829D297EA7D9002FCA7B /* DayRow.swift */ = {isa = PBXFileReference; lastKnownFileType = sourcecode.swift; path = DayRow.swift; sourceTree = "<group>"; };
/* End PBXFileReference section */

/* Begin PBXFrameworksBuildPhase section */
		524E924929701219001BCBD3 /* Frameworks */ = {
			isa = PBXFrameworksBuildPhase;
			buildActionMask = 2147483647;
			files = (
			);
			runOnlyForDeploymentPostprocessing = 0;
		};
/* End PBXFrameworksBuildPhase section */

/* Begin PBXGroup section */
		524E924329701219001BCBD3 = {
			isa = PBXGroup;
			children = (
				524E924E29701219001BCBD3 /* ECS-TimeTravellersTeam */,
				524E924D29701219001BCBD3 /* Products */,
			);
			sourceTree = "<group>";
		};
		524E924D29701219001BCBD3 /* Products */ = {
			isa = PBXGroup;
			children = (
				524E924C29701219001BCBD3 /* ECS-TimeTravellersTeam.app */,
			);
			name = Products;
			sourceTree = "<group>";
		};
		524E924E29701219001BCBD3 /* ECS-TimeTravellersTeam */ = {
			isa = PBXGroup;
			children = (
				524E924F29701219001BCBD3 /* ECS_TimeTravellersTeamApp.swift */,
				528252AB297D9B8B00BE6BAC /* Network */,
				524E926229701265001BCBD3 /* ViewModel */,
				524E92652970126E001BCBD3 /* Model */,
				524E926829701279001BCBD3 /* View */,
				524E92532970121A001BCBD3 /* Assets.xcassets */,
				524E925A2970121A001BCBD3 /* ECS_TimeTravellersTeam.xcdatamodeld */,
				524E926D297012C0001BCBD3 /* UIViewRepresentables */,
				524E9272297012C9001BCBD3 /* Extensions */,
				524E92552970121A001BCBD3 /* Preview Content */,
				5232709B297E8D6700B387F5 /* Utils.swift */,
			);
			path = "ECS-TimeTravellersTeam";
			sourceTree = "<group>";
		};
		524E92552970121A001BCBD3 /* Preview Content */ = {
			isa = PBXGroup;
			children = (
				524E92562970121A001BCBD3 /* Preview Assets.xcassets */,
			);
			path = "Preview Content";
			sourceTree = "<group>";
		};
		524E926229701265001BCBD3 /* ViewModel */ = {
			isa = PBXGroup;
			children = (
				524E926329701265001BCBD3 /* PhotosViewModel.swift */,
				4B6CD1A829780EA60040793F /* WeatherConditionViewModel.swift */,
			);
			path = ViewModel;
			sourceTree = "<group>";
		};
		524E92652970126E001BCBD3 /* Model */ = {
			isa = PBXGroup;
			children = (
				524E92582970121A001BCBD3 /* Persistence.swift */,
				4B6CD1AA29780F1D0040793F /* WeatherCondition.swift */,
				524E92662970126E001BCBD3 /* Picker.swift */,
				522480DF2977EC6B00C12F6A /* LocationDataManager.swift */,
			);
			path = Model;
			sourceTree = "<group>";
		};
		524E926829701279001BCBD3 /* View */ = {
			isa = PBXGroup;
			children = (
				524E925129701219001BCBD3 /* ContentView.swift */,
				52624F0F2990F9730011854B /* PictureOfTheDayView.swift */,
				52624F0D2990F9440011854B /* PictureDescriptionButton.swift */,
				4B49FC27298130C30084F390 /* PictureDescriptionView.swift */,
				6E4CD126297E9A5B0076910D /* ArchiveView.swift */,
				DB26829D297EA7D9002FCA7B /* DayRow.swift */,
			);
			path = View;
			sourceTree = "<group>";
		};
		524E926D297012C0001BCBD3 /* UIViewRepresentables */ = {
			isa = PBXGroup;
			children = (
				524E926E297012C0001BCBD3 /* ImagePicker.swift */,
				524E926F297012C0001BCBD3 /* ZoomableScrollView.swift */,
			);
			path = UIViewRepresentables;
			sourceTree = "<group>";
		};
		524E9272297012C9001BCBD3 /* Extensions */ = {
			isa = PBXGroup;
			children = (
				524E9273297012C9001BCBD3 /* FileManager+Extension.swift */,
			);
			path = Extensions;
			sourceTree = "<group>";
		};
		528252AB297D9B8B00BE6BAC /* Network */ = {
			isa = PBXGroup;
			children = (
				528252AC297D9B9B00BE6BAC /* NetworkError.swift */,
			);
			path = Network;
			sourceTree = "<group>";
		};
/* End PBXGroup section */

/* Begin PBXNativeTarget section */
		524E924B29701219001BCBD3 /* ECS-TimeTravellersTeam */ = {
			isa = PBXNativeTarget;
			buildConfigurationList = 524E925F2970121A001BCBD3 /* Build configuration list for PBXNativeTarget "ECS-TimeTravellersTeam" */;
			buildPhases = (
				524E924829701219001BCBD3 /* Sources */,
				524E924929701219001BCBD3 /* Frameworks */,
				524E924A29701219001BCBD3 /* Resources */,
			);
			buildRules = (
			);
			dependencies = (
			);
			name = "ECS-TimeTravellersTeam";
			productName = "ECS-TimeTravellersTeam";
			productReference = 524E924C29701219001BCBD3 /* ECS-TimeTravellersTeam.app */;
			productType = "com.apple.product-type.application";
		};
/* End PBXNativeTarget section */

/* Begin PBXProject section */
		524E924429701219001BCBD3 /* Project object */ = {
			isa = PBXProject;
			attributes = {
				BuildIndependentTargetsInParallel = 1;
				LastSwiftUpdateCheck = 1420;
				LastUpgradeCheck = 1420;
				TargetAttributes = {
					524E924B29701219001BCBD3 = {
						CreatedOnToolsVersion = 14.2;
					};
				};
			};
			buildConfigurationList = 524E924729701219001BCBD3 /* Build configuration list for PBXProject "ECS-TimeTravellersTeam" */;
			compatibilityVersion = "Xcode 14.0";
			developmentRegion = en;
			hasScannedForEncodings = 0;
			knownRegions = (
				en,
				Base,
			);
			mainGroup = 524E924329701219001BCBD3;
			productRefGroup = 524E924D29701219001BCBD3 /* Products */;
			projectDirPath = "";
			projectRoot = "";
			targets = (
				524E924B29701219001BCBD3 /* ECS-TimeTravellersTeam */,
			);
		};
/* End PBXProject section */

/* Begin PBXResourcesBuildPhase section */
		524E924A29701219001BCBD3 /* Resources */ = {
			isa = PBXResourcesBuildPhase;
			buildActionMask = 2147483647;
			files = (
				524E92572970121A001BCBD3 /* Preview Assets.xcassets in Resources */,
				524E92542970121A001BCBD3 /* Assets.xcassets in Resources */,
			);
			runOnlyForDeploymentPostprocessing = 0;
		};
/* End PBXResourcesBuildPhase section */

/* Begin PBXSourcesBuildPhase section */
		524E924829701219001BCBD3 /* Sources */ = {
			isa = PBXSourcesBuildPhase;
			buildActionMask = 2147483647;
			files = (
				4B6CD1AB29780F1D0040793F /* WeatherCondition.swift in Sources */,
				52624F0E2990F9440011854B /* PictureDescriptionButton.swift in Sources */,
				524E9274297012C9001BCBD3 /* FileManager+Extension.swift in Sources */,
				524E9271297012C0001BCBD3 /* ZoomableScrollView.swift in Sources */,
				5232709C297E8D6700B387F5 /* Utils.swift in Sources */,
				4B6CD1A929780EA60040793F /* WeatherConditionViewModel.swift in Sources */,
				522480E02977EC6B00C12F6A /* LocationDataManager.swift in Sources */,
				524E92592970121A001BCBD3 /* Persistence.swift in Sources */,
				4B49FC28298130C30084F390 /* PictureDescriptionView.swift in Sources */,
				6E4CD127297E9A5B0076910D /* ArchiveView.swift in Sources */,
				524E9270297012C0001BCBD3 /* ImagePicker.swift in Sources */,
				524E92672970126E001BCBD3 /* Picker.swift in Sources */,
				524E925229701219001BCBD3 /* ContentView.swift in Sources */,
				524E926429701265001BCBD3 /* PhotosViewModel.swift in Sources */,
				528252AD297D9B9B00BE6BAC /* NetworkError.swift in Sources */,
				52624F102990F9730011854B /* PictureOfTheDayView.swift in Sources */,
				DB26829E297EA7D9002FCA7B /* DayRow.swift in Sources */,
				524E925029701219001BCBD3 /* ECS_TimeTravellersTeamApp.swift in Sources */,
				524E925C2970121A001BCBD3 /* ECS_TimeTravellersTeam.xcdatamodeld in Sources */,
			);
			runOnlyForDeploymentPostprocessing = 0;
		};
/* End PBXSourcesBuildPhase section */

/* Begin XCBuildConfiguration section */
		524E925D2970121A001BCBD3 /* Debug */ = {
			isa = XCBuildConfiguration;
			buildSettings = {
				ALWAYS_SEARCH_USER_PATHS = NO;
				CLANG_ANALYZER_NONNULL = YES;
				CLANG_ANALYZER_NUMBER_OBJECT_CONVERSION = YES_AGGRESSIVE;
				CLANG_CXX_LANGUAGE_STANDARD = "gnu++20";
				CLANG_ENABLE_MODULES = YES;
				CLANG_ENABLE_OBJC_ARC = YES;
				CLANG_ENABLE_OBJC_WEAK = YES;
				CLANG_WARN_BLOCK_CAPTURE_AUTORELEASING = YES;
				CLANG_WARN_BOOL_CONVERSION = YES;
				CLANG_WARN_COMMA = YES;
				CLANG_WARN_CONSTANT_CONVERSION = YES;
				CLANG_WARN_DEPRECATED_OBJC_IMPLEMENTATIONS = YES;
				CLANG_WARN_DIRECT_OBJC_ISA_USAGE = YES_ERROR;
				CLANG_WARN_DOCUMENTATION_COMMENTS = YES;
				CLANG_WARN_EMPTY_BODY = YES;
				CLANG_WARN_ENUM_CONVERSION = YES;
				CLANG_WARN_INFINITE_RECURSION = YES;
				CLANG_WARN_INT_CONVERSION = YES;
				CLANG_WARN_NON_LITERAL_NULL_CONVERSION = YES;
				CLANG_WARN_OBJC_IMPLICIT_RETAIN_SELF = YES;
				CLANG_WARN_OBJC_LITERAL_CONVERSION = YES;
				CLANG_WARN_OBJC_ROOT_CLASS = YES_ERROR;
				CLANG_WARN_QUOTED_INCLUDE_IN_FRAMEWORK_HEADER = YES;
				CLANG_WARN_RANGE_LOOP_ANALYSIS = YES;
				CLANG_WARN_STRICT_PROTOTYPES = YES;
				CLANG_WARN_SUSPICIOUS_MOVE = YES;
				CLANG_WARN_UNGUARDED_AVAILABILITY = YES_AGGRESSIVE;
				CLANG_WARN_UNREACHABLE_CODE = YES;
				CLANG_WARN__DUPLICATE_METHOD_MATCH = YES;
				COPY_PHASE_STRIP = NO;
				DEBUG_INFORMATION_FORMAT = dwarf;
				ENABLE_STRICT_OBJC_MSGSEND = YES;
				ENABLE_TESTABILITY = YES;
				GCC_C_LANGUAGE_STANDARD = gnu11;
				GCC_DYNAMIC_NO_PIC = NO;
				GCC_NO_COMMON_BLOCKS = YES;
				GCC_OPTIMIZATION_LEVEL = 0;
				GCC_PREPROCESSOR_DEFINITIONS = (
					"DEBUG=1",
					"$(inherited)",
				);
				GCC_WARN_64_TO_32_BIT_CONVERSION = YES;
				GCC_WARN_ABOUT_RETURN_TYPE = YES_ERROR;
				GCC_WARN_UNDECLARED_SELECTOR = YES;
				GCC_WARN_UNINITIALIZED_AUTOS = YES_AGGRESSIVE;
				GCC_WARN_UNUSED_FUNCTION = YES;
				GCC_WARN_UNUSED_VARIABLE = YES;
				IPHONEOS_DEPLOYMENT_TARGET = 16.2;
				MTL_ENABLE_DEBUG_INFO = INCLUDE_SOURCE;
				MTL_FAST_MATH = YES;
				ONLY_ACTIVE_ARCH = YES;
				SDKROOT = iphoneos;
				SWIFT_ACTIVE_COMPILATION_CONDITIONS = DEBUG;
				SWIFT_OPTIMIZATION_LEVEL = "-Onone";
			};
			name = Debug;
		};
		524E925E2970121A001BCBD3 /* Release */ = {
			isa = XCBuildConfiguration;
			buildSettings = {
				ALWAYS_SEARCH_USER_PATHS = NO;
				CLANG_ANALYZER_NONNULL = YES;
				CLANG_ANALYZER_NUMBER_OBJECT_CONVERSION = YES_AGGRESSIVE;
				CLANG_CXX_LANGUAGE_STANDARD = "gnu++20";
				CLANG_ENABLE_MODULES = YES;
				CLANG_ENABLE_OBJC_ARC = YES;
				CLANG_ENABLE_OBJC_WEAK = YES;
				CLANG_WARN_BLOCK_CAPTURE_AUTORELEASING = YES;
				CLANG_WARN_BOOL_CONVERSION = YES;
				CLANG_WARN_COMMA = YES;
				CLANG_WARN_CONSTANT_CONVERSION = YES;
				CLANG_WARN_DEPRECATED_OBJC_IMPLEMENTATIONS = YES;
				CLANG_WARN_DIRECT_OBJC_ISA_USAGE = YES_ERROR;
				CLANG_WARN_DOCUMENTATION_COMMENTS = YES;
				CLANG_WARN_EMPTY_BODY = YES;
				CLANG_WARN_ENUM_CONVERSION = YES;
				CLANG_WARN_INFINITE_RECURSION = YES;
				CLANG_WARN_INT_CONVERSION = YES;
				CLANG_WARN_NON_LITERAL_NULL_CONVERSION = YES;
				CLANG_WARN_OBJC_IMPLICIT_RETAIN_SELF = YES;
				CLANG_WARN_OBJC_LITERAL_CONVERSION = YES;
				CLANG_WARN_OBJC_ROOT_CLASS = YES_ERROR;
				CLANG_WARN_QUOTED_INCLUDE_IN_FRAMEWORK_HEADER = YES;
				CLANG_WARN_RANGE_LOOP_ANALYSIS = YES;
				CLANG_WARN_STRICT_PROTOTYPES = YES;
				CLANG_WARN_SUSPICIOUS_MOVE = YES;
				CLANG_WARN_UNGUARDED_AVAILABILITY = YES_AGGRESSIVE;
				CLANG_WARN_UNREACHABLE_CODE = YES;
				CLANG_WARN__DUPLICATE_METHOD_MATCH = YES;
				COPY_PHASE_STRIP = NO;
				DEBUG_INFORMATION_FORMAT = "dwarf-with-dsym";
				ENABLE_NS_ASSERTIONS = NO;
				ENABLE_STRICT_OBJC_MSGSEND = YES;
				GCC_C_LANGUAGE_STANDARD = gnu11;
				GCC_NO_COMMON_BLOCKS = YES;
				GCC_WARN_64_TO_32_BIT_CONVERSION = YES;
				GCC_WARN_ABOUT_RETURN_TYPE = YES_ERROR;
				GCC_WARN_UNDECLARED_SELECTOR = YES;
				GCC_WARN_UNINITIALIZED_AUTOS = YES_AGGRESSIVE;
				GCC_WARN_UNUSED_FUNCTION = YES;
				GCC_WARN_UNUSED_VARIABLE = YES;
				IPHONEOS_DEPLOYMENT_TARGET = 16.2;
				MTL_ENABLE_DEBUG_INFO = NO;
				MTL_FAST_MATH = YES;
				SDKROOT = iphoneos;
				SWIFT_COMPILATION_MODE = wholemodule;
				SWIFT_OPTIMIZATION_LEVEL = "-O";
				VALIDATE_PRODUCT = YES;
			};
			name = Release;
		};
		524E92602970121A001BCBD3 /* Debug */ = {
			isa = XCBuildConfiguration;
			buildSettings = {
				ASSETCATALOG_COMPILER_APPICON_NAME = AppIcon;
				ASSETCATALOG_COMPILER_GLOBAL_ACCENT_COLOR_NAME = AccentColor;
				CODE_SIGN_STYLE = Automatic;
				CURRENT_PROJECT_VERSION = 1;
				DEVELOPMENT_ASSET_PATHS = "\"ECS-TimeTravellersTeam/Preview Content\"";
				DEVELOPMENT_TEAM = F639597UZK;
				ENABLE_PREVIEWS = YES;
				GENERATE_INFOPLIST_FILE = YES;
				INFOPLIST_KEY_NSAppleMusicUsageDescription = "Library use";
				INFOPLIST_KEY_NSCameraUsageDescription = "Camera use";
				INFOPLIST_KEY_NSLocationWhenInUseUsageDescription = "Localization for pictures";
				INFOPLIST_KEY_UIApplicationSceneManifest_Generation = YES;
				INFOPLIST_KEY_UIApplicationSupportsIndirectInputEvents = YES;
				INFOPLIST_KEY_UILaunchScreen_Generation = YES;
				INFOPLIST_KEY_UISupportedInterfaceOrientations_iPad = "UIInterfaceOrientationPortrait UIInterfaceOrientationPortraitUpsideDown UIInterfaceOrientationLandscapeLeft UIInterfaceOrientationLandscapeRight";
				INFOPLIST_KEY_UISupportedInterfaceOrientations_iPhone = "UIInterfaceOrientationPortrait UIInterfaceOrientationLandscapeLeft UIInterfaceOrientationLandscapeRight";
				INFOPLIST_KEY_UIUserInterfaceStyle = Dark;
				IPHONEOS_DEPLOYMENT_TARGET = 16.0;
				LD_RUNPATH_SEARCH_PATHS = (
					"$(inherited)",
					"@executable_path/Frameworks",
				);
				MARKETING_VERSION = 1.0;
				PRODUCT_BUNDLE_IDENTIFIER = "com.academy.ECS-TimeTravellersTeam";
				PRODUCT_NAME = "$(TARGET_NAME)";
				SWIFT_EMIT_LOC_STRINGS = YES;
				SWIFT_VERSION = 5.0;
				TARGETED_DEVICE_FAMILY = "1,2";
			};
			name = Debug;
		};
		524E92612970121A001BCBD3 /* Release */ = {
			isa = XCBuildConfiguration;
			buildSettings = {
				ASSETCATALOG_COMPILER_APPICON_NAME = AppIcon;
				ASSETCATALOG_COMPILER_GLOBAL_ACCENT_COLOR_NAME = AccentColor;
				CODE_SIGN_STYLE = Automatic;
				CURRENT_PROJECT_VERSION = 1;
				DEVELOPMENT_ASSET_PATHS = "\"ECS-TimeTravellersTeam/Preview Content\"";
				DEVELOPMENT_TEAM = FC4N8Y3U83;
				ENABLE_PREVIEWS = YES;
				GENERATE_INFOPLIST_FILE = YES;
				INFOPLIST_KEY_NSAppleMusicUsageDescription = "Library use";
				INFOPLIST_KEY_NSCameraUsageDescription = "Camera use";
				INFOPLIST_KEY_NSLocationWhenInUseUsageDescription = "Localization for pictures";
				INFOPLIST_KEY_UIApplicationSceneManifest_Generation = YES;
				INFOPLIST_KEY_UIApplicationSupportsIndirectInputEvents = YES;
				INFOPLIST_KEY_UILaunchScreen_Generation = YES;
				INFOPLIST_KEY_UISupportedInterfaceOrientations_iPad = "UIInterfaceOrientationPortrait UIInterfaceOrientationPortraitUpsideDown UIInterfaceOrientationLandscapeLeft UIInterfaceOrientationLandscapeRight";
				INFOPLIST_KEY_UISupportedInterfaceOrientations_iPhone = "UIInterfaceOrientationPortrait UIInterfaceOrientationLandscapeLeft UIInterfaceOrientationLandscapeRight";
				INFOPLIST_KEY_UIUserInterfaceStyle = Dark;
				IPHONEOS_DEPLOYMENT_TARGET = 16.0;
				LD_RUNPATH_SEARCH_PATHS = (
					"$(inherited)",
					"@executable_path/Frameworks",
				);
				MARKETING_VERSION = 1.0;
				PRODUCT_BUNDLE_IDENTIFIER = "com.academy.ECS-TimeTravellersTeam";
				PRODUCT_NAME = "$(TARGET_NAME)";
				SWIFT_EMIT_LOC_STRINGS = YES;
				SWIFT_VERSION = 5.0;
				TARGETED_DEVICE_FAMILY = "1,2";
			};
			name = Release;
		};
/* End XCBuildConfiguration section */

/* Begin XCConfigurationList section */
		524E924729701219001BCBD3 /* Build configuration list for PBXProject "ECS-TimeTravellersTeam" */ = {
			isa = XCConfigurationList;
			buildConfigurations = (
				524E925D2970121A001BCBD3 /* Debug */,
				524E925E2970121A001BCBD3 /* Release */,
			);
			defaultConfigurationIsVisible = 0;
			defaultConfigurationName = Release;
		};
		524E925F2970121A001BCBD3 /* Build configuration list for PBXNativeTarget "ECS-TimeTravellersTeam" */ = {
			isa = XCConfigurationList;
			buildConfigurations = (
				524E92602970121A001BCBD3 /* Debug */,
				524E92612970121A001BCBD3 /* Release */,
			);
			defaultConfigurationIsVisible = 0;
			defaultConfigurationName = Release;
		};
/* End XCConfigurationList section */

/* Begin XCVersionGroup section */
		524E925A2970121A001BCBD3 /* ECS_TimeTravellersTeam.xcdatamodeld */ = {
			isa = XCVersionGroup;
			children = (
				524E925B2970121A001BCBD3 /* ECS_TimeTravellersTeam.xcdatamodel */,
			);
			currentVersion = 524E925B2970121A001BCBD3 /* ECS_TimeTravellersTeam.xcdatamodel */;
			path = ECS_TimeTravellersTeam.xcdatamodeld;
			sourceTree = "<group>";
			versionGroupType = wrapper.xcdatamodel;
		};
/* End XCVersionGroup section */
	};
	rootObject = 524E924429701219001BCBD3 /* Project object */;
}
