// !$*UTF8*$!
{
	archiveVersion = 1;
	classes = {
	};
	objectVersion = 56;
	objects = {

/* Begin PBXBuildFile section */
		524E925029701219001BCBD3 /* ECS_TimeTravellersTeamApp.swift in Sources */ = {isa = PBXBuildFile; fileRef = 524E924F29701219001BCBD3 /* ECS_TimeTravellersTeamApp.swift */; };
		524E925229701219001BCBD3 /* ContentView.swift in Sources */ = {isa = PBXBuildFile; fileRef = 524E925129701219001BCBD3 /* ContentView.swift */; };
		524E92542970121A001BCBD3 /* Assets.xcassets in Resources */ = {isa = PBXBuildFile; fileRef = 524E92532970121A001BCBD3 /* Assets.xcassets */; };
		524E92572970121A001BCBD3 /* Preview Assets.xcassets in Resources */ = {isa = PBXBuildFile; fileRef = 524E92562970121A001BCBD3 /* Preview Assets.xcassets */; };
		524E92592970121A001BCBD3 /* Persistence.swift in Sources */ = {isa = PBXBuildFile; fileRef = 524E92582970121A001BCBD3 /* Persistence.swift */; };
		524E925C2970121A001BCBD3 /* ECS_TimeTravellersTeam.xcdatamodeld in Sources */ = {isa = PBXBuildFile; fileRef = 524E925A2970121A001BCBD3 /* ECS_TimeTravellersTeam.xcdatamodeld */; };
		524E926429701265001BCBD3 /* PhotosViewModel.swift in Sources */ = {isa = PBXBuildFile; fileRef = 524E926329701265001BCBD3 /* PhotosViewModel.swift */; };
		524E92672970126E001BCBD3 /* Picker.swift in Sources */ = {isa = PBXBuildFile; fileRef = 524E92662970126E001BCBD3 /* Picker.swift */; };
		524E9270297012C0001BCBD3 /* ImagePicker.swift in Sources */ = {isa = PBXBuildFile; fileRef = 524E926E297012C0001BCBD3 /* ImagePicker.swift */; };
		524E9271297012C0001BCBD3 /* ZoomableScrollView.swift in Sources */ = {isa = PBXBuildFile; fileRef = 524E926F297012C0001BCBD3 /* ZoomableScrollView.swift */; };
		524E9274297012C9001BCBD3 /* FileManager+Extension.swift in Sources */ = {isa = PBXBuildFile; fileRef = 524E9273297012C9001BCBD3 /* FileManager+Extension.swift */; };
/* End PBXBuildFile section */

/* Begin PBXFileReference section */
		524E924C29701219001BCBD3 /* ECS-TimeTravellersTeam.app */ = {isa = PBXFileReference; explicitFileType = wrapper.application; includeInIndex = 0; path = "ECS-TimeTravellersTeam.app"; sourceTree = BUILT_PRODUCTS_DIR; };
		524E924F29701219001BCBD3 /* ECS_TimeTravellersTeamApp.swift */ = {isa = PBXFileReference; lastKnownFileType = sourcecode.swift; path = ECS_TimeTravellersTeamApp.swift; sourceTree = "<group>"; };
		524E925129701219001BCBD3 /* ContentView.swift */ = {isa = PBXFileReference; lastKnownFileType = sourcecode.swift; path = ContentView.swift; sourceTree = "<group>"; };
		524E92532970121A001BCBD3 /* Assets.xcassets */ = {isa = PBXFileReference; lastKnownFileType = folder.assetcatalog; path = Assets.xcassets; sourceTree = "<group>"; };
		524E92562970121A001BCBD3 /* Preview Assets.xcassets */ = {isa = PBXFileReference; lastKnownFileType = folder.assetcatalog; path = "Preview Assets.xcassets"; sourceTree = "<group>"; };
		524E92582970121A001BCBD3 /* Persistence.swift */ = {isa = PBXFileReference; lastKnownFileType = sourcecode.swift; path = Persistence.swift; sourceTree = "<group>"; };
		524E925B2970121A001BCBD3 /* ECS_TimeTravellersTeam.xcdatamodel */ = {isa = PBXFileReference; lastKnownFileType = wrapper.xcdatamodel; path = ECS_TimeTravellersTeam.xcdatamodel; sourceTree = "<group>"; };
		524E926329701265001BCBD3 /* PhotosViewModel.swift */ = {isa = PBXFileReference; fileEncoding = 4; lastKnownFileType = sourcecode.swift; path = PhotosViewModel.swift; sourceTree = "<group>"; };
		524E92662970126E001BCBD3 /* Picker.swift */ = {isa = PBXFileReference; fileEncoding = 4; lastKnownFileType = sourcecode.swift; path = Picker.swift; sourceTree = "<group>"; };
		524E926E297012C0001BCBD3 /* ImagePicker.swift */ = {isa = PBXFileReference; fileEncoding = 4; lastKnownFileType = sourcecode.swift; path = ImagePicker.swift; sourceTree = "<group>"; };
		524E926F297012C0001BCBD3 /* ZoomableScrollView.swift */ = {isa = PBXFileReference; fileEncoding = 4; lastKnownFileType = sourcecode.swift; path = ZoomableScrollView.swift; sourceTree = "<group>"; };
		524E9273297012C9001BCBD3 /* FileManager+Extension.swift */ = {isa = PBXFileReference; fileEncoding = 4; lastKnownFileType = sourcecode.swift; path = "FileManager+Extension.swift"; sourceTree = "<group>"; };
/* End PBXFileReference section */

/* Begin PBXFrameworksBuildPhase section */
		524E924929701219001BCBD3 /* Frameworks */ = {
			isa = PBXFrameworksBuildPhase;
			buildActionMask = 2147483647;
			files = (
			);
			runOnlyForDeploymentPostprocessing = 0;
		};
/* End PBXFrameworksBuildPhase section */

/* Begin PBXGroup section */
		524E924329701219001BCBD3 = {
			isa = PBXGroup;
			children = (
				524E924E29701219001BCBD3 /* ECS-TimeTravellersTeam */,
				524E924D29701219001BCBD3 /* Products */,
			);
			sourceTree = "<group>";
		};
		524E924D29701219001BCBD3 /* Products */ = {
			isa = PBXGroup;
			children = (
				524E924C29701219001BCBD3 /* ECS-TimeTravellersTeam.app */,
			);
			name = Products;
			sourceTree = "<group>";
		};
		524E924E29701219001BCBD3 /* ECS-TimeTravellersTeam */ = {
			isa = PBXGroup;
			children = (
				524E924F29701219001BCBD3 /* ECS_TimeTravellersTeamApp.swift */,
				524E926229701265001BCBD3 /* ViewModel */,
				524E92652970126E001BCBD3 /* Model */,
				524E926829701279001BCBD3 /* View */,
				524E92532970121A001BCBD3 /* Assets.xcassets */,
				524E92582970121A001BCBD3 /* Persistence.swift */,
				524E925A2970121A001BCBD3 /* ECS_TimeTravellersTeam.xcdatamodeld */,
				524E926D297012C0001BCBD3 /* UIViewRepresentables */,
				524E9272297012C9001BCBD3 /* Extensions */,
				524E92552970121A001BCBD3 /* Preview Content */,
			);
			path = "ECS-TimeTravellersTeam";
			sourceTree = "<group>";
		};
		524E92552970121A001BCBD3 /* Preview Content */ = {
			isa = PBXGroup;
			children = (
				524E92562970121A001BCBD3 /* Preview Assets.xcassets */,
			);
			path = "Preview Content";
			sourceTree = "<group>";
		};
		524E926229701265001BCBD3 /* ViewModel */ = {
			isa = PBXGroup;
			children = (
				524E926329701265001BCBD3 /* PhotosViewModel.swift */,
			);
			path = ViewModel;
			sourceTree = "<group>";
		};
		524E92652970126E001BCBD3 /* Model */ = {
			isa = PBXGroup;
			children = (
				524E92662970126E001BCBD3 /* Picker.swift */,
			);
			path = Model;
			sourceTree = "<group>";
		};
		524E926829701279001BCBD3 /* View */ = {
			isa = PBXGroup;
			children = (
				524E925129701219001BCBD3 /* ContentView.swift */,
			);
			path = View;
			sourceTree = "<group>";
		};
		524E926D297012C0001BCBD3 /* UIViewRepresentables */ = {
			isa = PBXGroup;
			children = (
				524E926E297012C0001BCBD3 /* ImagePicker.swift */,
				524E926F297012C0001BCBD3 /* ZoomableScrollView.swift */,
			);
			path = UIViewRepresentables;
			sourceTree = "<group>";
		};
		524E9272297012C9001BCBD3 /* Extensions */ = {
			isa = PBXGroup;
			children = (
				524E9273297012C9001BCBD3 /* FileManager+Extension.swift */,
			);
			path = Extensions;
			sourceTree = "<group>";
		};
/* End PBXGroup section */

/* Begin PBXNativeTarget section */
		524E924B29701219001BCBD3 /* ECS-TimeTravellersTeam */ = {
			isa = PBXNativeTarget;
			buildConfigurationList = 524E925F2970121A001BCBD3 /* Build configuration list for PBXNativeTarget "ECS-TimeTravellersTeam" */;
			buildPhases = (
				524E924829701219001BCBD3 /* Sources */,
				524E924929701219001BCBD3 /* Frameworks */,
				524E924A29701219001BCBD3 /* Resources */,
				4B36214D297172230003FB7B /* ShellScript */,
			);
			buildRules = (
			);
			dependencies = (
			);
			name = "ECS-TimeTravellersTeam";
			productName = "ECS-TimeTravellersTeam";
			productReference = 524E924C29701219001BCBD3 /* ECS-TimeTravellersTeam.app */;
			productType = "com.apple.product-type.application";
		};
/* End PBXNativeTarget section */

/* Begin PBXProject section */
		524E924429701219001BCBD3 /* Project object */ = {
			isa = PBXProject;
			attributes = {
				BuildIndependentTargetsInParallel = 1;
				LastSwiftUpdateCheck = 1420;
				LastUpgradeCheck = 1420;
				TargetAttributes = {
					524E924B29701219001BCBD3 = {
						CreatedOnToolsVersion = 14.2;
					};
				};
			};
			buildConfigurationList = 524E924729701219001BCBD3 /* Build configuration list for PBXProject "ECS-TimeTravellersTeam" */;
			compatibilityVersion = "Xcode 14.0";
			developmentRegion = en;
			hasScannedForEncodings = 0;
			knownRegions = (
				en,
				Base,
			);
			mainGroup = 524E924329701219001BCBD3;
			productRefGroup = 524E924D29701219001BCBD3 /* Products */;
			projectDirPath = "";
			projectRoot = "";
			targets = (
				524E924B29701219001BCBD3 /* ECS-TimeTravellersTeam */,
			);
		};
/* End PBXProject section */

/* Begin PBXResourcesBuildPhase section */
		524E924A29701219001BCBD3 /* Resources */ = {
			isa = PBXResourcesBuildPhase;
			buildActionMask = 2147483647;
			files = (
				524E92572970121A001BCBD3 /* Preview Assets.xcassets in Resources */,
				524E92542970121A001BCBD3 /* Assets.xcassets in Resources */,
			);
			runOnlyForDeploymentPostprocessing = 0;
		};
/* End PBXResourcesBuildPhase section */

/* Begin PBXShellScriptBuildPhase section */
		4B36214D297172230003FB7B /* ShellScript */ = {
			isa = PBXShellScriptBuildPhase;
			buildActionMask = 2147483647;
			files = (
			);
			inputFileListPaths = (
			);
			inputPaths = (
			);
			outputFileListPaths = (
			);
			outputPaths = (
			);
			runOnlyForDeploymentPostprocessing = 0;
			shellPath = /bin/sh;
			shellScript = "export PATH=\"$PATH:/opt/homebrew/bin\"\nif which swiftlint > /dev/null; then\n  swiftlint\nelse\n  echo \"warning: SwiftLint not installed, download from https://github.com/realm/SwiftLint\"\nfi\n";
		};
/* End PBXShellScriptBuildPhase section */

/* Begin PBXSourcesBuildPhase section */
		524E924829701219001BCBD3 /* Sources */ = {
			isa = PBXSourcesBuildPhase;
			buildActionMask = 2147483647;
			files = (
				524E9274297012C9001BCBD3 /* FileManager+Extension.swift in Sources */,
				524E9271297012C0001BCBD3 /* ZoomableScrollView.swift in Sources */,
				524E92592970121A001BCBD3 /* Persistence.swift in Sources */,
				524E9270297012C0001BCBD3 /* ImagePicker.swift in Sources */,
				524E92672970126E001BCBD3 /* Picker.swift in Sources */,
				524E925229701219001BCBD3 /* ContentView.swift in Sources */,
				524E926429701265001BCBD3 /* PhotosViewModel.swift in Sources */,
				524E925029701219001BCBD3 /* ECS_TimeTravellersTeamApp.swift in Sources */,
				524E925C2970121A001BCBD3 /* ECS_TimeTravellersTeam.xcdatamodeld in Sources */,
			);
			runOnlyForDeploymentPostprocessing = 0;
		};
/* End PBXSourcesBuildPhase section */

/* Begin XCBuildConfiguration section */
		524E925D2970121A001BCBD3 /* Debug */ = {
			isa = XCBuildConfiguration;
			buildSettings = {
				ALWAYS_SEARCH_USER_PATHS = NO;
				CLANG_ANALYZER_NONNULL = YES;
				CLANG_ANALYZER_NUMBER_OBJECT_CONVERSION = YES_AGGRESSIVE;
				CLANG_CXX_LANGUAGE_STANDARD = "gnu++20";
				CLANG_ENABLE_MODULES = YES;
				CLANG_ENABLE_OBJC_ARC = YES;
				CLANG_ENABLE_OBJC_WEAK = YES;
				CLANG_WARN_BLOCK_CAPTURE_AUTORELEASING = YES;
				CLANG_WARN_BOOL_CONVERSION = YES;
				CLANG_WARN_COMMA = YES;
				CLANG_WARN_CONSTANT_CONVERSION = YES;
				CLANG_WARN_DEPRECATED_OBJC_IMPLEMENTATIONS = YES;
				CLANG_WARN_DIRECT_OBJC_ISA_USAGE = YES_ERROR;
				CLANG_WARN_DOCUMENTATION_COMMENTS = YES;
				CLANG_WARN_EMPTY_BODY = YES;
				CLANG_WARN_ENUM_CONVERSION = YES;
				CLANG_WARN_INFINITE_RECURSION = YES;
				CLANG_WARN_INT_CONVERSION = YES;
				CLANG_WARN_NON_LITERAL_NULL_CONVERSION = YES;
				CLANG_WARN_OBJC_IMPLICIT_RETAIN_SELF = YES;
				CLANG_WARN_OBJC_LITERAL_CONVERSION = YES;
				CLANG_WARN_OBJC_ROOT_CLASS = YES_ERROR;
				CLANG_WARN_QUOTED_INCLUDE_IN_FRAMEWORK_HEADER = YES;
				CLANG_WARN_RANGE_LOOP_ANALYSIS = YES;
				CLANG_WARN_STRICT_PROTOTYPES = YES;
				CLANG_WARN_SUSPICIOUS_MOVE = YES;
				CLANG_WARN_UNGUARDED_AVAILABILITY = YES_AGGRESSIVE;
				CLANG_WARN_UNREACHABLE_CODE = YES;
				CLANG_WARN__DUPLICATE_METHOD_MATCH = YES;
				COPY_PHASE_STRIP = NO;
				DEBUG_INFORMATION_FORMAT = dwarf;
				ENABLE_STRICT_OBJC_MSGSEND = YES;
				ENABLE_TESTABILITY = YES;
				GCC_C_LANGUAGE_STANDARD = gnu11;
				GCC_DYNAMIC_NO_PIC = NO;
				GCC_NO_COMMON_BLOCKS = YES;
				GCC_OPTIMIZATION_LEVEL = 0;
				GCC_PREPROCESSOR_DEFINITIONS = (
					"DEBUG=1",
					"$(inherited)",
				);
				GCC_WARN_64_TO_32_BIT_CONVERSION = YES;
				GCC_WARN_ABOUT_RETURN_TYPE = YES_ERROR;
				GCC_WARN_UNDECLARED_SELECTOR = YES;
				GCC_WARN_UNINITIALIZED_AUTOS = YES_AGGRESSIVE;
				GCC_WARN_UNUSED_FUNCTION = YES;
				GCC_WARN_UNUSED_VARIABLE = YES;
				IPHONEOS_DEPLOYMENT_TARGET = 16.2;
				MTL_ENABLE_DEBUG_INFO = INCLUDE_SOURCE;
				MTL_FAST_MATH = YES;
				ONLY_ACTIVE_ARCH = YES;
				SDKROOT = iphoneos;
				SWIFT_ACTIVE_COMPILATION_CONDITIONS = DEBUG;
				SWIFT_OPTIMIZATION_LEVEL = "-Onone";
			};
			name = Debug;
		};
		524E925E2970121A001BCBD3 /* Release */ = {
			isa = XCBuildConfiguration;
			buildSettings = {
				ALWAYS_SEARCH_USER_PATHS = NO;
				CLANG_ANALYZER_NONNULL = YES;
				CLANG_ANALYZER_NUMBER_OBJECT_CONVERSION = YES_AGGRESSIVE;
				CLANG_CXX_LANGUAGE_STANDARD = "gnu++20";
				CLANG_ENABLE_MODULES = YES;
				CLANG_ENABLE_OBJC_ARC = YES;
				CLANG_ENABLE_OBJC_WEAK = YES;
				CLANG_WARN_BLOCK_CAPTURE_AUTORELEASING = YES;
				CLANG_WARN_BOOL_CONVERSION = YES;
				CLANG_WARN_COMMA = YES;
				CLANG_WARN_CONSTANT_CONVERSION = YES;
				CLANG_WARN_DEPRECATED_OBJC_IMPLEMENTATIONS = YES;
				CLANG_WARN_DIRECT_OBJC_ISA_USAGE = YES_ERROR;
				CLANG_WARN_DOCUMENTATION_COMMENTS = YES;
				CLANG_WARN_EMPTY_BODY = YES;
				CLANG_WARN_ENUM_CONVERSION = YES;
				CLANG_WARN_INFINITE_RECURSION = YES;
				CLANG_WARN_INT_CONVERSION = YES;
				CLANG_WARN_NON_LITERAL_NULL_CONVERSION = YES;
				CLANG_WARN_OBJC_IMPLICIT_RETAIN_SELF = YES;
				CLANG_WARN_OBJC_LITERAL_CONVERSION = YES;
				CLANG_WARN_OBJC_ROOT_CLASS = YES_ERROR;
				CLANG_WARN_QUOTED_INCLUDE_IN_FRAMEWORK_HEADER = YES;
				CLANG_WARN_RANGE_LOOP_ANALYSIS = YES;
				CLANG_WARN_STRICT_PROTOTYPES = YES;
				CLANG_WARN_SUSPICIOUS_MOVE = YES;
				CLANG_WARN_UNGUARDED_AVAILABILITY = YES_AGGRESSIVE;
				CLANG_WARN_UNREACHABLE_CODE = YES;
				CLANG_WARN__DUPLICATE_METHOD_MATCH = YES;
				COPY_PHASE_STRIP = NO;
				DEBUG_INFORMATION_FORMAT = "dwarf-with-dsym";
				ENABLE_NS_ASSERTIONS = NO;
				ENABLE_STRICT_OBJC_MSGSEND = YES;
				GCC_C_LANGUAGE_STANDARD = gnu11;
				GCC_NO_COMMON_BLOCKS = YES;
				GCC_WARN_64_TO_32_BIT_CONVERSION = YES;
				GCC_WARN_ABOUT_RETURN_TYPE = YES_ERROR;
				GCC_WARN_UNDECLARED_SELECTOR = YES;
				GCC_WARN_UNINITIALIZED_AUTOS = YES_AGGRESSIVE;
				GCC_WARN_UNUSED_FUNCTION = YES;
				GCC_WARN_UNUSED_VARIABLE = YES;
				IPHONEOS_DEPLOYMENT_TARGET = 16.2;
				MTL_ENABLE_DEBUG_INFO = NO;
				MTL_FAST_MATH = YES;
				SDKROOT = iphoneos;
				SWIFT_COMPILATION_MODE = wholemodule;
				SWIFT_OPTIMIZATION_LEVEL = "-O";
				VALIDATE_PRODUCT = YES;
			};
			name = Release;
		};
		524E92602970121A001BCBD3 /* Debug */ = {
			isa = XCBuildConfiguration;
			buildSettings = {
				ASSETCATALOG_COMPILER_APPICON_NAME = AppIcon;
				ASSETCATALOG_COMPILER_GLOBAL_ACCENT_COLOR_NAME = AccentColor;
				CODE_SIGN_STYLE = Automatic;
				CURRENT_PROJECT_VERSION = 1;
				DEVELOPMENT_ASSET_PATHS = "\"ECS-TimeTravellersTeam/Preview Content\"";
				DEVELOPMENT_TEAM = F639597UZK;
				ENABLE_PREVIEWS = YES;
				GENERATE_INFOPLIST_FILE = YES;
				INFOPLIST_KEY_NSAppleMusicUsageDescription = "Library use";
				INFOPLIST_KEY_NSCameraUsageDescription = "Camera use";
				INFOPLIST_KEY_UIApplicationSceneManifest_Generation = YES;
				INFOPLIST_KEY_UIApplicationSupportsIndirectInputEvents = YES;
				INFOPLIST_KEY_UILaunchScreen_Generation = YES;
				INFOPLIST_KEY_UISupportedInterfaceOrientations_iPad = "UIInterfaceOrientationPortrait UIInterfaceOrientationPortraitUpsideDown UIInterfaceOrientationLandscapeLeft UIInterfaceOrientationLandscapeRight";
				INFOPLIST_KEY_UISupportedInterfaceOrientations_iPhone = "UIInterfaceOrientationPortrait UIInterfaceOrientationLandscapeLeft UIInterfaceOrientationLandscapeRight";
				INFOPLIST_KEY_UIUserInterfaceStyle = Dark;
				LD_RUNPATH_SEARCH_PATHS = (
					"$(inherited)",
					"@executable_path/Frameworks",
				);
				MARKETING_VERSION = 1.0;
				PRODUCT_BUNDLE_IDENTIFIER = "com.academy.ECS-TimeTravellersTeam";
				PRODUCT_NAME = "$(TARGET_NAME)";
				SWIFT_EMIT_LOC_STRINGS = YES;
				SWIFT_VERSION = 5.0;
				TARGETED_DEVICE_FAMILY = "1,2";
			};
			name = Debug;
		};
		524E92612970121A001BCBD3 /* Release */ = {
			isa = XCBuildConfiguration;
			buildSettings = {
				ASSETCATALOG_COMPILER_APPICON_NAME = AppIcon;
				ASSETCATALOG_COMPILER_GLOBAL_ACCENT_COLOR_NAME = AccentColor;
				CODE_SIGN_STYLE = Automatic;
				CURRENT_PROJECT_VERSION = 1;
				DEVELOPMENT_ASSET_PATHS = "\"ECS-TimeTravellersTeam/Preview Content\"";
				DEVELOPMENT_TEAM = F639597UZK;
				ENABLE_PREVIEWS = YES;
				GENERATE_INFOPLIST_FILE = YES;
				INFOPLIST_KEY_NSAppleMusicUsageDescription = "Library use";
				INFOPLIST_KEY_NSCameraUsageDescription = "Camera use";
				INFOPLIST_KEY_UIApplicationSceneManifest_Generation = YES;
				INFOPLIST_KEY_UIApplicationSupportsIndirectInputEvents = YES;
				INFOPLIST_KEY_UILaunchScreen_Generation = YES;
				INFOPLIST_KEY_UISupportedInterfaceOrientations_iPad = "UIInterfaceOrientationPortrait UIInterfaceOrientationPortraitUpsideDown UIInterfaceOrientationLandscapeLeft UIInterfaceOrientationLandscapeRight";
				INFOPLIST_KEY_UISupportedInterfaceOrientations_iPhone = "UIInterfaceOrientationPortrait UIInterfaceOrientationLandscapeLeft UIInterfaceOrientationLandscapeRight";
				INFOPLIST_KEY_UIUserInterfaceStyle = Dark;
				LD_RUNPATH_SEARCH_PATHS = (
					"$(inherited)",
					"@executable_path/Frameworks",
				);
				MARKETING_VERSION = 1.0;
				PRODUCT_BUNDLE_IDENTIFIER = "com.academy.ECS-TimeTravellersTeam";
				PRODUCT_NAME = "$(TARGET_NAME)";
				SWIFT_EMIT_LOC_STRINGS = YES;
				SWIFT_VERSION = 5.0;
				TARGETED_DEVICE_FAMILY = "1,2";
			};
			name = Release;
		};
/* End XCBuildConfiguration section */

/* Begin XCConfigurationList section */
		524E924729701219001BCBD3 /* Build configuration list for PBXProject "ECS-TimeTravellersTeam" */ = {
			isa = XCConfigurationList;
			buildConfigurations = (
				524E925D2970121A001BCBD3 /* Debug */,
				524E925E2970121A001BCBD3 /* Release */,
			);
			defaultConfigurationIsVisible = 0;
			defaultConfigurationName = Release;
		};
		524E925F2970121A001BCBD3 /* Build configuration list for PBXNativeTarget "ECS-TimeTravellersTeam" */ = {
			isa = XCConfigurationList;
			buildConfigurations = (
				524E92602970121A001BCBD3 /* Debug */,
				524E92612970121A001BCBD3 /* Release */,
			);
			defaultConfigurationIsVisible = 0;
			defaultConfigurationName = Release;
		};
/* End XCConfigurationList section */

/* Begin XCVersionGroup section */
		524E925A2970121A001BCBD3 /* ECS_TimeTravellersTeam.xcdatamodeld */ = {
			isa = XCVersionGroup;
			children = (
				524E925B2970121A001BCBD3 /* ECS_TimeTravellersTeam.xcdatamodel */,
			);
			currentVersion = 524E925B2970121A001BCBD3 /* ECS_TimeTravellersTeam.xcdatamodel */;
			path = ECS_TimeTravellersTeam.xcdatamodeld;
			sourceTree = "<group>";
			versionGroupType = wrapper.xcdatamodel;
		};
/* End XCVersionGroup section */
	};
	rootObject = 524E924429701219001BCBD3 /* Project object */;
}
